PODS:
  - AFNetworking (2.2.4):
    - AFNetworking/NSURLConnection (= 2.2.4)
    - AFNetworking/NSURLSession (= 2.2.4)
    - AFNetworking/Reachability (= 2.2.4)
    - AFNetworking/Security (= 2.2.4)
    - AFNetworking/Serialization (= 2.2.4)
    - AFNetworking/UIKit (= 2.2.4)
  - AFNetworking/NSURLConnection (2.2.4):
    - AFNetworking/Reachability
    - AFNetworking/Security
    - AFNetworking/Serialization
  - AFNetworking/NSURLSession (2.2.4):
    - AFNetworking/NSURLConnection
  - AFNetworking/Reachability (2.2.4)
  - AFNetworking/Security (2.2.4)
  - AFNetworking/Serialization (2.2.4)
  - AFNetworking/UIKit (2.2.4):
    - AFNetworking/NSURLConnection
    - AFNetworking/NSURLSession
  - BlocksKit (2.2.5):
    - BlocksKit/All (= 2.2.5)
  - BlocksKit/All (2.2.5):
    - BlocksKit/Core
    - BlocksKit/DynamicDelegate
    - BlocksKit/MessageUI
    - BlocksKit/UIKit
  - BlocksKit/Core (2.2.5)
  - BlocksKit/DynamicDelegate (2.2.5)
  - BlocksKit/MessageUI (2.2.5):
    - BlocksKit/Core
    - BlocksKit/DynamicDelegate
  - BlocksKit/UIKit (2.2.5):
    - BlocksKit/Core
    - BlocksKit/DynamicDelegate
  - FXKeychain (1.5.3)
  - JDStatusBarNotification (1.5.3)
  - JSONModel (1.1.2)
  - Mantle (2.0.6):
    - Mantle/extobjc (= 2.0.6)
  - Mantle/extobjc (2.0.6)
  - Masonry (0.6.4)
  - MBProgressHUD (0.9.2)
  - MWFeedParser (1.0.1):
    - MWFeedParser/FeedParser (= 1.0.1)
    - MWFeedParser/NSDate+InternetDateTime (= 1.0.1)
    - MWFeedParser/NSString+HTML (= 1.0.1)
  - MWFeedParser/FeedParser (1.0.1):
    - MWFeedParser/NSDate+InternetDateTime
    - MWFeedParser/NSString+HTML
  - MWFeedParser/NSDate+InternetDateTime (1.0.1)
  - MWFeedParser/NSString+HTML (1.0.1)
  - NSString-Hashes (1.2.2)
  - NYXImagesKit (2.3)
  - RegexKitLite (4.0)
  - RESideMenu (4.0.7)
  - SDWebImage (3.7.3):
    - SDWebImage/Core (= 3.7.3)
  - SDWebImage/Core (3.7.3)

DEPENDENCIES:
  - AFNetworking (~> 2.2.0)
  - BlocksKit (~> 2.2.0)
  - FXKeychain (~> 1.5)
  - JDStatusBarNotification
  - JSONModel
  - Mantle
  - Masonry
  - MBProgressHUD (~> 0.8)
  - MWFeedParser (~> 1.0.1)
  - NSString-Hashes (~> 1.2.1)
  - NYXImagesKit (~> 2.3)
  - RegexKitLite (~> 4.0)
  - RESideMenu
  - SDWebImage (= 3.7.3)

SPEC CHECKSUMS:
  AFNetworking: caca0799b310f0c3bf1fc1af45145fc96972bcab
  BlocksKit: 7f422b971407001178d181a43b99014ea2591fe6
  FXKeychain: 2fe54573946ffef634f4e2a2851e6c8f4ea15e76
  JDStatusBarNotification: 29413865af11c862c17180610b0f46a21118b412
  JSONModel: 216584d0311b053ff714f1d6cb700dbf890847bc
  Mantle: 299966b00759634931699f69cb6a30b9239b944d
  Masonry: 281802d04d787ea2973179ee8bcb50500579ede2
  MBProgressHUD: 1569cf7ace17a8bac47aabfbb8580a49690386d1
  MWFeedParser: 2cf646014c1baf6ad1b08c480b40a08180079247
  NSString-Hashes: c3848d809e92650e4fb17db5d8cc4bd2aa1eaddd
  NYXImagesKit: 8163e3335a40eaa173ca5bbbf81fafb57d3947eb
  RegexKitLite: c0e4c12e6e7de0769f3a3ed679f0f61604170661
  RESideMenu: f24c508404b49c667344c54aba7e590883533958
  SDWebImage: 1d2b1a1efda1ade1b00b6f8498865f8ddedc8a84

COCOAPODS: 0.36.1
